
Microsoft Visual Studio Solution File, Format Version 12.00
# Visual Studio 14
VisualStudioVersion = 14.0.25420.1
MinimumVisualStudioVersion = 10.0.40219.1
Project("{FAE04EC0-301F-11D3-BF4B-00C04F79EFBC}") = "login", "login\login.csproj", "{FA19D321-259B-4142-A49A-9D40936D10A1}"
EndProject
Project("{E24C65DC-7377-472B-9ABA-BC803B73C61A}") = "angular", "angular\", "{FDDEC70A-82F4-42AB-AE92-F710380ACB1F}"
	ProjectSection(WebsiteProperties) = preProject
		TargetFrameworkMoniker = ".NETFramework,Version%3Dv4.5.2"
		Debug.AspNetCompiler.VirtualPath = "/localhost_56594"
		Debug.AspNetCompiler.PhysicalPath = "angular\"
		Debug.AspNetCompiler.TargetPath = "PrecompiledWeb\localhost_56594\"
		Debug.AspNetCompiler.Updateable = "true"
		Debug.AspNetCompiler.ForceOverwrite = "true"
		Debug.AspNetCompiler.FixedNames = "false"
		Debug.AspNetCompiler.Debug = "True"
		Release.AspNetCompiler.VirtualPath = "/localhost_56594"
		Release.AspNetCompiler.PhysicalPath = "angular\"
		Release.AspNetCompiler.TargetPath = "PrecompiledWeb\localhost_56594\"
		Release.AspNetCompiler.Updateable = "true"
		Release.AspNetCompiler.ForceOverwrite = "true"
		Release.AspNetCompiler.FixedNames = "false"
		Release.AspNetCompiler.Debug = "False"
		VWDPort = "56594"
		SlnRelativePath = "angular\"
		DefaultWebSiteLanguage = "Visual C#"
	EndProjectSection
EndProject
Global
	GlobalSection(SolutionConfigurationPlatforms) = preSolution
		Debug|Any CPU = Debug|Any CPU
		Release|Any CPU = Release|Any CPU
	EndGlobalSection
	GlobalSection(ProjectConfigurationPlatforms) = postSolution
		{FA19D321-259B-4142-A49A-9D40936D10A1}.Debug|Any CPU.ActiveCfg = Debug|Any CPU
		{FA19D321-259B-4142-A49A-9D40936D10A1}.Debug|Any CPU.Build.0 = Debug|Any CPU
		{FA19D321-259B-4142-A49A-9D40936D10A1}.Release|Any CPU.ActiveCfg = Release|Any CPU
		{FA19D321-259B-4142-A49A-9D40936D10A1}.Release|Any CPU.Build.0 = Release|Any CPU
		{FDDEC70A-82F4-42AB-AE92-F710380ACB1F}.Debug|Any CPU.ActiveCfg = Debug|Any CPU
		{FDDEC70A-82F4-42AB-AE92-F710380ACB1F}.Debug|Any CPU.Build.0 = Debug|Any CPU
		{FDDEC70A-82F4-42AB-AE92-F710380ACB1F}.Release|Any CPU.ActiveCfg = Debug|Any CPU
		{FDDEC70A-82F4-42AB-AE92-F710380ACB1F}.Release|Any CPU.Build.0 = Debug|Any CPU
	EndGlobalSection
	GlobalSection(SolutionProperties) = preSolution
		HideSolutionNode = FALSE
	EndGlobalSection
EndGlobal
